
Microsoft Visual Studio Solution File, Format Version 12.00
# Visual Studio Version 17
VisualStudioVersion = 17.1.32421.90
MinimumVisualStudioVersion = 10.0.40219.1
Project("{9A19103F-16F7-4668-BE54-9A1E7A4F7556}") = "Crypto-Api-Testing", "Cripto-Api\Crypto-Api-Testing.csproj", "{361284A5-042C-4AE8-8558-89190416CD0C}"
EndProject
Global
	GlobalSection(SolutionConfigurationPlatforms) = preSolution
		Debug|Any CPU = Debug|Any CPU
		Release|Any CPU = Release|Any CPU
	EndGlobalSection
	GlobalSection(ProjectConfigurationPlatforms) = postSolution
		{361284A5-042C-4AE8-8558-89190416CD0C}.Debug|Any CPU.ActiveCfg = Debug|Any CPU
		{361284A5-042C-4AE8-8558-89190416CD0C}.Debug|Any CPU.Build.0 = Debug|Any CPU
		{361284A5-042C-4AE8-8558-89190416CD0C}.Release|Any CPU.ActiveCfg = Release|Any CPU
		{361284A5-042C-4AE8-8558-89190416CD0C}.Release|Any CPU.Build.0 = Release|Any CPU
	EndGlobalSection
	GlobalSection(SolutionProperties) = preSolution
		HideSolutionNode = FALSE
	EndGlobalSection
	GlobalSection(ExtensibilityGlobals) = postSolution
		SolutionGuid = {98180E8F-5110-443A-84B8-EC4562F9D1CC}
	EndGlobalSection
EndGlobal
